<?xml version="1.0" encoding="UTF-8" standalone="yes" ?>
<CodeBlocks_project_file>
	<FileVersion major="1" minor="6" />
	<Project>
		<Option title="practicaPOO" />
		<Option pch_mode="2" />
		<Option compiler="gcc" />
		<Build>
			<Target title="Debug">
				<Option output="bin/Debug/practicaPOO" prefix_auto="1" extension_auto="1" />
				<Option object_output="obj/Debug/" />
				<Option type="1" />
				<Option compiler="gcc" />
				<Compiler>
					<Add option="-pedantic" />
					<Add option="-std=c++11" />
					<Add option="-Wall" />
					<Add option="-g" />
				</Compiler>
				<Linker>
					<Add library="crypt" />
				</Linker>
			</Target>
			<Target title="Release">
				<Option output="bin/Release/practicaPOO" prefix_auto="1" extension_auto="1" />
				<Option object_output="obj/Release/" />
				<Option type="1" />
				<Option compiler="gcc" />
				<Compiler>
					<Add option="-O2" />
				</Compiler>
				<Linker>
					<Add option="-s" />
					<Add library="crypt" />
				</Linker>
			</Target>
		</Build>
		<Compiler>
			<Add option="-pedantic" />
			<Add option="-std=c++11" />
			<Add option="-Wall" />
			<Add option="-g" />
			<Add option="-fexceptions" />
			<Add directory="/home/zerokullneo/github/codeblocks/gestion_libreria/" />
		</Compiler>
		<Linker>
			<Add library="crypt" />
			<Add directory="/home/zerokullneo/github/codeblocks/gestion_libreria/" />
		</Linker>
		<Unit filename="P1/Cadena/cadena.cpp" />
		<Unit filename="P1/Cadena/cadena.h" />
		<Unit filename="P1/Fecha/fecha.cpp" />
		<Unit filename="P1/Fecha/fecha.h" />
		<Unit filename="P1/fct.h" />
		<Unit filename="P2/articulo.cpp" />
		<Unit filename="P2/articulo.h" />
		<Unit filename="P2/luhn.cpp" />
		<Unit filename="P2/tarjeta.cpp" />
		<Unit filename="P2/tarjeta.h" />
		<Unit filename="P2/test-caso1-auto.cpp" />
		<Unit filename="P2/usuario.cpp" />
		<Unit filename="P2/usuario.h" />
		<Extensions>
			<code_completion />
			<envvars />
			<debugger />
			<lib_finder disable_auto="1">
				<lib name="gio-2.0" />
				<lib name="glib-2.0" />
				<lib name="libcrypto" />
			</lib_finder>
		</Extensions>
	</Project>
</CodeBlocks_project_file>
